
Microsoft Visual Studio Solution File, Format Version 12.00
# Visual Studio Version 17
VisualStudioVersion = 17.0.32126.317
MinimumVisualStudioVersion = 10.0.40219.1
Project("{F184B08F-C81C-45F6-A57F-5ABD9991F28F}") = "Tennis score card", "Tennis score card.vbproj", "{B935C574-1D49-4689-A41F-85EF513E0B5F}"
EndProject
Global
	GlobalSection(SolutionConfigurationPlatforms) = preSolution
		Debug|Any CPU = Debug|Any CPU
		Release|Any CPU = Release|Any CPU
	EndGlobalSection
	GlobalSection(ProjectConfigurationPlatforms) = postSolution
		{B935C574-1D49-4689-A41F-85EF513E0B5F}.Debug|Any CPU.ActiveCfg = Debug|Any CPU
		{B935C574-1D49-4689-A41F-85EF513E0B5F}.Debug|Any CPU.Build.0 = Debug|Any CPU
		{B935C574-1D49-4689-A41F-85EF513E0B5F}.Release|Any CPU.ActiveCfg = Release|Any CPU
		{B935C574-1D49-4689-A41F-85EF513E0B5F}.Release|Any CPU.Build.0 = Release|Any CPU
	EndGlobalSection
	GlobalSection(SolutionProperties) = preSolution
		HideSolutionNode = FALSE
	EndGlobalSection
	GlobalSection(ExtensibilityGlobals) = postSolution
		SolutionGuid = {28848DF5-4CD9-424F-994D-1F49DEC860B1}
	EndGlobalSection
EndGlobal
